# This file is autogenerated, do not edit; changes may be undone by the next 'dep ensure'.


[[projects]]
  name = "github.com/renstrom/dedent"
  packages = ["."]
  revision = "a1eba44eaecc89804e4b05ce2d17168eb353d524"
  version = "v1.0.0"

[[projects]]
  branch = "v2"
  name = "gopkg.in/yaml.v2"
  packages = ["."]
  revision = "287cf08546ab5e7e37d55a84f7ed3fd1db036de5"

[solve-meta]
  analyzer-name = "dep"
  analyzer-version = 1
  inputs-digest = "4433fb8921263b2d7dbefa81b6411854135d01841bceae6f645f759205a19331"
  solver-name = "gps-cdcl"
  solver-version = 1
